<?xml version="1.0" encoding="utf-8"?>
<Project ToolsVersion="4.0" xmlns="http://schemas.microsoft.com/developer/msbuild/2003">
  <ItemGroup>
    <Filter Include="scenes">
      <UniqueIdentifier>{90029ccf-c873-4cf7-bc79-f4f6534c17e1}</UniqueIdentifier>
    </Filter>
    <Filter Include="models">
      <UniqueIdentifier>{d5055960-466f-4ac7-8fd1-a18bcc0571a5}</UniqueIdentifier>
    </Filter>
    <Filter Include="shaders">
      <UniqueIdentifier>{67DA6AB6-F800-4c08-8B7A-83BB121AAD01}</UniqueIdentifier>
      <Extensions>rc;ico;cur;bmp;dlg;rc2;rct;bin;rgs;gif;jpg;jpeg;jpe;resx;tiff;tif;png;wav;mfcribbon-ms</Extensions>
    </Filter>
    <Filter Include="gui">
      <UniqueIdentifier>{f65e3340-6f37-4308-b306-27c071fe513a}</UniqueIdentifier>
    </Filter>
    <Filter Include="main">
      <UniqueIdentifier>{38caa15e-d035-4f2a-8f0a-e7ded7403302}</UniqueIdentifier>
    </Filter>
    <Filter Include="utility">
      <UniqueIdentifier>{2dd27393-07d5-4795-b66e-df4d12179e2d}</UniqueIdentifier>
    </Filter>
    <Filter Include="board">
      <UniqueIdentifier>{62b25374-5a9a-4951-b273-65cea018801c}</UniqueIdentifier>
    </Filter>
  </ItemGroup>
  <ItemGroup>
    <ClCompile Include="scenes\Menu.cpp">
      <Filter>scenes</Filter>
    </ClCompile>
    <ClCompile Include="scenes\Pause.cpp">
      <Filter>scenes</Filter>
    </ClCompile>
    <ClCompile Include="scenes\Play.cpp">
      <Filter>scenes</Filter>
    </ClCompile>
    <ClCompile Include="scenes\Settings.cpp">
      <Filter>scenes</Filter>
    </ClCompile>
    <ClCompile Include="scenes\Win.cpp">
      <Filter>scenes</Filter>
    </ClCompile>
    <ClCompile Include="models\Cylinder.cpp">
      <Filter>models</Filter>
    </ClCompile>
    <ClCompile Include="models\Sphere.cpp">
      <Filter>models</Filter>
    </ClCompile>
    <ClCompile Include="gui\Button.cpp">
      <Filter>gui</Filter>
    </ClCompile>
    <ClCompile Include="gui\GUItexture.cpp">
      <Filter>gui</Filter>
    </ClCompile>
    <ClCompile Include="gui\MultipleStateButton.cpp">
      <Filter>gui</Filter>
    </ClCompile>
    <ClCompile Include="models\Model.cpp">
      <Filter>models</Filter>
    </ClCompile>
    <ClCompile Include="scenes\Scene.cpp">
      <Filter>scenes</Filter>
    </ClCompile>
    <ClCompile Include="Game.cpp">
      <Filter>main</Filter>
    </ClCompile>
    <ClCompile Include="main.cpp">
      <Filter>main</Filter>
    </ClCompile>
    <ClCompile Include="utility\lodepng.cpp">
      <Filter>utility</Filter>
    </ClCompile>
    <ClCompile Include="utility\shaderprogram.cpp">
      <Filter>utility</Filter>
    </ClCompile>
    <ClCompile Include="utility\Utility.cpp">
      <Filter>utility</Filter>
    </ClCompile>
    <ClCompile Include="utility\Utility2.cpp">
      <Filter>utility</Filter>
    </ClCompile>
    <ClCompile Include="utility\Camera.cpp">
      <Filter>utility</Filter>
    </ClCompile>
    <ClCompile Include="utility\Skybox.cpp">
      <Filter>utility</Filter>
    </ClCompile>
    <ClCompile Include="board\Board.cpp">
      <Filter>board</Filter>
    </ClCompile>
    <ClCompile Include="board\Board3D.cpp">
      <Filter>board</Filter>
    </ClCompile>
    <ClCompile Include="board\TileModel.cpp">
      <Filter>board</Filter>
    </ClCompile>
  </ItemGroup>
  <ItemGroup>
    <ClInclude Include="scenes\Menu.h">
      <Filter>scenes</Filter>
    </ClInclude>
    <ClInclude Include="scenes\Pause.h">
      <Filter>scenes</Filter>
    </ClInclude>
    <ClInclude Include="scenes\Play.h">
      <Filter>scenes</Filter>
    </ClInclude>
    <ClInclude Include="scenes\Settings.h">
      <Filter>scenes</Filter>
    </ClInclude>
    <ClInclude Include="scenes\Win.h">
      <Filter>scenes</Filter>
    </ClInclude>
    <ClInclude Include="models\Cylinder.h">
      <Filter>models</Filter>
    </ClInclude>
    <ClInclude Include="models\Sphere.h">
      <Filter>models</Filter>
    </ClInclude>
    <ClInclude Include="gui\Button.h">
      <Filter>gui</Filter>
    </ClInclude>
    <ClInclude Include="gui\GUItexture.h">
      <Filter>gui</Filter>
    </ClInclude>
    <ClInclude Include="gui\MultipleStateButton.h">
      <Filter>gui</Filter>
    </ClInclude>
    <ClInclude Include="models\Model.h">
      <Filter>models</Filter>
    </ClInclude>
    <ClInclude Include="scenes\Scene.h">
      <Filter>scenes</Filter>
    </ClInclude>
    <ClInclude Include="Game.h">
      <Filter>main</Filter>
    </ClInclude>
    <ClInclude Include="utility\lodepng.h">
      <Filter>utility</Filter>
    </ClInclude>
    <ClInclude Include="utility\shaderprogram.h">
      <Filter>utility</Filter>
    </ClInclude>
    <ClInclude Include="utility\Utility.h">
      <Filter>utility</Filter>
    </ClInclude>
    <ClInclude Include="utility\Utility2.h">
      <Filter>utility</Filter>
    </ClInclude>
    <ClInclude Include="utility\Camera.h">
      <Filter>utility</Filter>
    </ClInclude>
    <ClInclude Include="utility\Skybox.h">
      <Filter>utility</Filter>
    </ClInclude>
    <ClInclude Include="board\Board.h">
      <Filter>board</Filter>
    </ClInclude>
    <ClInclude Include="board\Board3D.h">
      <Filter>board</Filter>
    </ClInclude>
    <ClInclude Include="board\TileModel.h">
      <Filter>board</Filter>
    </ClInclude>
    <ClInclude Include="resource.h" />
  </ItemGroup>
  <ItemGroup>
    <None Include="shaders\skybox_f_shader.glsl">
      <Filter>shaders</Filter>
    </None>
    <None Include="shaders\skybox_v_shader.glsl">
      <Filter>shaders</Filter>
    </None>
    <None Include="shaders\gui_f_shader.glsl">
      <Filter>shaders</Filter>
    </None>
    <None Include="shaders\gui_v_shader.glsl">
      <Filter>shaders</Filter>
    </None>
    <None Include="shaders\model_f_lambert.glsl">
      <Filter>shaders</Filter>
    </None>
    <None Include="shaders\model_v_lambert.glsl">
      <Filter>shaders</Filter>
    </None>
  </ItemGroup>
  <ItemGroup>
    <ResourceCompile Include="Gra-Pipe.rc">
      <Filter>shaders</Filter>
    </ResourceCompile>
  </ItemGroup>
  <ItemGroup>
    <Image Include="icon1.ico">
      <Filter>shaders</Filter>
    </Image>
    <Image Include="textures\Logo.png">
      <Filter>shaders</Filter>
    </Image>
    <Image Include="textures\icon.ico">
      <Filter>shaders</Filter>
    </Image>
  </ItemGroup>
</Project>